// !$*UTF8*$!
{
	archiveVersion = 1;
	classes = {
	};
	objectVersion = 50;
	objects = {

/* Begin PBXBuildFile section */
		1A3B238A220322FF008684EB /* AVFoundation.framework in Frameworks */ = {isa = PBXBuildFile; fileRef = 1A3B2389220322FF008684EB /* AVFoundation.framework */; };
		1A3B238C2203247B008684EB /* CoreMedia.framework in Frameworks */ = {isa = PBXBuildFile; fileRef = 1A3B238B2203247B008684EB /* CoreMedia.framework */; };
		1AFF94942202B667004A0592 /* AppDelegate.m in Sources */ = {isa = PBXBuildFile; fileRef = 1AFF94932202B667004A0592 /* AppDelegate.m */; };
		1AFF94972202B667004A0592 /* ViewController.mm in Sources */ = {isa = PBXBuildFile; fileRef = 1AFF94962202B667004A0592 /* ViewController.mm */; };
		1AFF949A2202B667004A0592 /* Main.storyboard in Resources */ = {isa = PBXBuildFile; fileRef = 1AFF94982202B667004A0592 /* Main.storyboard */; };
		1AFF949C2202B67E004A0592 /* Assets.xcassets in Resources */ = {isa = PBXBuildFile; fileRef = 1AFF949B2202B67E004A0592 /* Assets.xcassets */; };
		1AFF949F2202B67E004A0592 /* LaunchScreen.storyboard in Resources */ = {isa = PBXBuildFile; fileRef = 1AFF949D2202B67E004A0592 /* LaunchScreen.storyboard */; };
		1AFF94A22202B67E004A0592 /* main.m in Sources */ = {isa = PBXBuildFile; fileRef = 1AFF94A12202B67E004A0592 /* main.m */; };
		1AFF94AA2202BBE4004A0592 /* mobilenet_v1_1.0_224.tflite in Resources */ = {isa = PBXBuildFile; fileRef = 1AFF94A92202BBE4004A0592 /* mobilenet_v1_1.0_224.tflite */; };
		1AFF94AC2202D838004A0592 /* multi_person_mobilenet_v1_075_float.tflite in Resources */ = {isa = PBXBuildFile; fileRef = 1AFF94AB2202D838004A0592 /* multi_person_mobilenet_v1_075_float.tflite */; };
		1AFF94AF2202D91C004A0592 /* deeplabv3_257_mv_gpu.tflite in Resources */ = {isa = PBXBuildFile; fileRef = 1AFF94AD2202D91C004A0592 /* deeplabv3_257_mv_gpu.tflite */; };
		1AFF94B02202D91C004A0592 /* mobile_ssd_v2_float_coco.tflite in Resources */ = {isa = PBXBuildFile; fileRef = 1AFF94AE2202D91C004A0592 /* mobile_ssd_v2_float_coco.tflite */; };
		5598F793C695FF497706F131 /* libPods-glDelegateBenchmark.a in Frameworks */ = {isa = PBXBuildFile; fileRef = 52B13A94A559C8FD19F38B19 /* libPods-glDelegateBenchmark.a */; };
/* End PBXBuildFile section */

/* Begin PBXFileReference section */
		1A3B2389220322FF008684EB /* AVFoundation.framework */ = {isa = PBXFileReference; lastKnownFileType = wrapper.framework; name = AVFoundation.framework; path = System/Library/Frameworks/AVFoundation.framework; sourceTree = SDKROOT; };
		1A3B238B2203247B008684EB /* CoreMedia.framework */ = {isa = PBXFileReference; lastKnownFileType = wrapper.framework; name = CoreMedia.framework; path = System/Library/Frameworks/CoreMedia.framework; sourceTree = SDKROOT; };
		1AFF948F2202B667004A0592 /* glDelegateBenchmark.app */ = {isa = PBXFileReference; explicitFileType = wrapper.application; includeInIndex = 0; path = glDelegateBenchmark.app; sourceTree = BUILT_PRODUCTS_DIR; };
		1AFF94922202B667004A0592 /* AppDelegate.h */ = {isa = PBXFileReference; lastKnownFileType = sourcecode.c.h; path = AppDelegate.h; sourceTree = "<group>"; };
		1AFF94932202B667004A0592 /* AppDelegate.m */ = {isa = PBXFileReference; lastKnownFileType = sourcecode.c.objc; path = AppDelegate.m; sourceTree = "<group>"; };
		1AFF94952202B667004A0592 /* ViewController.h */ = {isa = PBXFileReference; lastKnownFileType = sourcecode.c.h; path = ViewController.h; sourceTree = "<group>"; };
		1AFF94962202B667004A0592 /* ViewController.mm */ = {isa = PBXFileReference; lastKnownFileType = sourcecode.cpp.objcpp; path = ViewController.mm; sourceTree = "<group>"; };
		1AFF94992202B667004A0592 /* Base */ = {isa = PBXFileReference; lastKnownFileType = file.storyboard; name = Base; path = Base.lproj/Main.storyboard; sourceTree = "<group>"; };
		1AFF949B2202B67E004A0592 /* Assets.xcassets */ = {isa = PBXFileReference; lastKnownFileType = folder.assetcatalog; path = Assets.xcassets; sourceTree = "<group>"; };
		1AFF949E2202B67E004A0592 /* Base */ = {isa = PBXFileReference; lastKnownFileType = file.storyboard; name = Base; path = Base.lproj/LaunchScreen.storyboard; sourceTree = "<group>"; };
		1AFF94A02202B67E004A0592 /* Info.plist */ = {isa = PBXFileReference; lastKnownFileType = text.plist.xml; path = Info.plist; sourceTree = "<group>"; };
		1AFF94A12202B67E004A0592 /* main.m */ = {isa = PBXFileReference; lastKnownFileType = sourcecode.c.objc; path = main.m; sourceTree = "<group>"; };
		1AFF94A92202BBE4004A0592 /* mobilenet_v1_1.0_224.tflite */ = {isa = PBXFileReference; lastKnownFileType = file; path = mobilenet_v1_1.0_224.tflite; sourceTree = "<group>"; };
		1AFF94AB2202D838004A0592 /* multi_person_mobilenet_v1_075_float.tflite */ = {isa = PBXFileReference; lastKnownFileType = file; path = multi_person_mobilenet_v1_075_float.tflite; sourceTree = "<group>"; };
		1AFF94AD2202D91C004A0592 /* deeplabv3_257_mv_gpu.tflite */ = {isa = PBXFileReference; lastKnownFileType = file; path = deeplabv3_257_mv_gpu.tflite; sourceTree = "<group>"; };
		1AFF94AE2202D91C004A0592 /* mobile_ssd_v2_float_coco.tflite */ = {isa = PBXFileReference; lastKnownFileType = file; path = mobile_ssd_v2_float_coco.tflite; sourceTree = "<group>"; };
		52B13A94A559C8FD19F38B19 /* libPods-glDelegateBenchmark.a */ = {isa = PBXFileReference; explicitFileType = archive.ar; includeInIndex = 0; path = "libPods-glDelegateBenchmark.a"; sourceTree = BUILT_PRODUCTS_DIR; };
		53C0E94836EB38587CBDEBE2 /* Pods-glDelegateBenchmark.release.xcconfig */ = {isa = PBXFileReference; includeInIndex = 1; lastKnownFileType = text.xcconfig; name = "Pods-glDelegateBenchmark.release.xcconfig"; path = "Pods/Target Support Files/Pods-glDelegateBenchmark/Pods-glDelegateBenchmark.release.xcconfig"; sourceTree = "<group>"; };
		62D4D5980CFF3E3E5C8B98CB /* Pods-glDelegateBenchmark.debug.xcconfig */ = {isa = PBXFileReference; includeInIndex = 1; lastKnownFileType = text.xcconfig; name = "Pods-glDelegateBenchmark.debug.xcconfig"; path = "Pods/Target Support Files/Pods-glDelegateBenchmark/Pods-glDelegateBenchmark.debug.xcconfig"; sourceTree = "<group>"; };
/* End PBXFileReference section */

/* Begin PBXFrameworksBuildPhase section */
		1AFF948C2202B667004A0592 /* Frameworks */ = {
			isa = PBXFrameworksBuildPhase;
			buildActionMask = 2147483647;
			files = (
				1A3B238C2203247B008684EB /* CoreMedia.framework in Frameworks */,
				1A3B238A220322FF008684EB /* AVFoundation.framework in Frameworks */,
				5598F793C695FF497706F131 /* libPods-glDelegateBenchmark.a in Frameworks */,
			);
			runOnlyForDeploymentPostprocessing = 0;
		};
/* End PBXFrameworksBuildPhase section */

/* Begin PBXGroup section */
		1AFF94862202B667004A0592 = {
			isa = PBXGroup;
			children = (
				1AFF94912202B667004A0592 /* glDelegateBenchmark */,
				1AFF94A82202BB46004A0592 /* data */,
				1AFF94902202B667004A0592 /* Products */,
				BED6AD858E424F4574F7595D /* Pods */,
				2DFBE9D4E5D8F2CFABFD7728 /* Frameworks */,
			);
			sourceTree = "<group>";
		};
		1AFF94902202B667004A0592 /* Products */ = {
			isa = PBXGroup;
			children = (
				1AFF948F2202B667004A0592 /* glDelegateBenchmark.app */,
			);
			name = Products;
			sourceTree = "<group>";
		};
		1AFF94912202B667004A0592 /* glDelegateBenchmark */ = {
			isa = PBXGroup;
			children = (
				1AFF94922202B667004A0592 /* AppDelegate.h */,
				1AFF94932202B667004A0592 /* AppDelegate.m */,
				1AFF94952202B667004A0592 /* ViewController.h */,
				1AFF94962202B667004A0592 /* ViewController.mm */,
				1AFF94982202B667004A0592 /* Main.storyboard */,
				1AFF949B2202B67E004A0592 /* Assets.xcassets */,
				1AFF949D2202B67E004A0592 /* LaunchScreen.storyboard */,
				1AFF94A02202B67E004A0592 /* Info.plist */,
				1AFF94A12202B67E004A0592 /* main.m */,
			);
			path = glDelegateBenchmark;
			sourceTree = "<group>";
		};
		1AFF94A82202BB46004A0592 /* data */ = {
			isa = PBXGroup;
			children = (
				1AFF94AD2202D91C004A0592 /* deeplabv3_257_mv_gpu.tflite */,
				1AFF94AE2202D91C004A0592 /* mobile_ssd_v2_float_coco.tflite */,
				1AFF94AB2202D838004A0592 /* multi_person_mobilenet_v1_075_float.tflite */,
				1AFF94A92202BBE4004A0592 /* mobilenet_v1_1.0_224.tflite */,
			);
			path = data;
			sourceTree = "<group>";
		};
		2DFBE9D4E5D8F2CFABFD7728 /* Frameworks */ = {
			isa = PBXGroup;
			children = (
				1A3B238B2203247B008684EB /* CoreMedia.framework */,
				1A3B2389220322FF008684EB /* AVFoundation.framework */,
				52B13A94A559C8FD19F38B19 /* libPods-glDelegateBenchmark.a */,
			);
			name = Frameworks;
			sourceTree = "<group>";
		};
		BED6AD858E424F4574F7595D /* Pods */ = {
			isa = PBXGroup;
			children = (
				62D4D5980CFF3E3E5C8B98CB /* Pods-glDelegateBenchmark.debug.xcconfig */,
				53C0E94836EB38587CBDEBE2 /* Pods-glDelegateBenchmark.release.xcconfig */,
			);
			name = Pods;
			sourceTree = "<group>";
		};
/* End PBXGroup section */

/* Begin PBXNativeTarget section */
		1AFF948E2202B667004A0592 /* glDelegateBenchmark */ = {
			isa = PBXNativeTarget;
			buildConfigurationList = 1AFF94A52202B67E004A0592 /* Build configuration list for PBXNativeTarget "glDelegateBenchmark" */;
			buildPhases = (
				FCF77FAF09267CFA8999029E /* [CP] Check Pods Manifest.lock */,
				1AFF948B2202B667004A0592 /* Sources */,
				1AFF948C2202B667004A0592 /* Frameworks */,
				1AFF948D2202B667004A0592 /* Resources */,
			);
			buildRules = (
			);
			dependencies = (
			);
			name = glDelegateBenchmark;
			productName = glDelegateBenchmark;
			productReference = 1AFF948F2202B667004A0592 /* glDelegateBenchmark.app */;
			productType = "com.apple.product-type.application";
		};
/* End PBXNativeTarget section */

/* Begin PBXProject section */
		1AFF94872202B667004A0592 /* Project object */ = {
			isa = PBXProject;
			attributes = {
				LastUpgradeCheck = 1010;
				ORGANIZATIONNAME = "Koan-Sin Tan";
				TargetAttributes = {
					1AFF948E2202B667004A0592 = {
						CreatedOnToolsVersion = 10.1;
					};
				};
			};
			buildConfigurationList = 1AFF948A2202B667004A0592 /* Build configuration list for PBXProject "glDelegateBenchmark" */;
			compatibilityVersion = "Xcode 9.3";
			developmentRegion = en;
			hasScannedForEncodings = 0;
			knownRegions = (
				en,
				Base,
			);
			mainGroup = 1AFF94862202B667004A0592;
			productRefGroup = 1AFF94902202B667004A0592 /* Products */;
			projectDirPath = "";
			projectRoot = "";
			targets = (
				1AFF948E2202B667004A0592 /* glDelegateBenchmark */,
			);
		};
/* End PBXProject section */

/* Begin PBXResourcesBuildPhase section */
		1AFF948D2202B667004A0592 /* Resources */ = {
			isa = PBXResourcesBuildPhase;
			buildActionMask = 2147483647;
			files = (
				1AFF949F2202B67E004A0592 /* LaunchScreen.storyboard in Resources */,
				1AFF949C2202B67E004A0592 /* Assets.xcassets in Resources */,
				1AFF949A2202B667004A0592 /* Main.storyboard in Resources */,
				1AFF94AA2202BBE4004A0592 /* mobilenet_v1_1.0_224.tflite in Resources */,
				1AFF94AC2202D838004A0592 /* multi_person_mobilenet_v1_075_float.tflite in Resources */,
				1AFF94AF2202D91C004A0592 /* deeplabv3_257_mv_gpu.tflite in Resources */,
				1AFF94B02202D91C004A0592 /* mobile_ssd_v2_float_coco.tflite in Resources */,
			);
			runOnlyForDeploymentPostprocessing = 0;
		};
/* End PBXResourcesBuildPhase section */

/* Begin PBXShellScriptBuildPhase section */
		FCF77FAF09267CFA8999029E /* [CP] Check Pods Manifest.lock */ = {
			isa = PBXShellScriptBuildPhase;
			buildActionMask = 2147483647;
			files = (
			);
			inputPaths = (
				"${PODS_PODFILE_DIR_PATH}/Podfile.lock",
				"${PODS_ROOT}/Manifest.lock",
			);
			name = "[CP] Check Pods Manifest.lock";
			outputPaths = (
				"$(DERIVED_FILE_DIR)/Pods-glDelegateBenchmark-checkManifestLockResult.txt",
			);
			runOnlyForDeploymentPostprocessing = 0;
			shellPath = /bin/sh;
			shellScript = "diff \"${PODS_PODFILE_DIR_PATH}/Podfile.lock\" \"${PODS_ROOT}/Manifest.lock\" > /dev/null\nif [ $? != 0 ] ; then\n    # print error to STDERR\n    echo \"error: The sandbox is not in sync with the Podfile.lock. Run 'pod install' or update your CocoaPods installation.\" >&2\n    exit 1\nfi\n# This output is used by Xcode 'outputs' to avoid re-running this script phase.\necho \"SUCCESS\" > \"${SCRIPT_OUTPUT_FILE_0}\"\n";
			showEnvVarsInLog = 0;
		};
/* End PBXShellScriptBuildPhase section */

/* Begin PBXSourcesBuildPhase section */
		1AFF948B2202B667004A0592 /* Sources */ = {
			isa = PBXSourcesBuildPhase;
			buildActionMask = 2147483647;
			files = (
				1AFF94972202B667004A0592 /* ViewController.mm in Sources */,
				1AFF94A22202B67E004A0592 /* main.m in Sources */,
				1AFF94942202B667004A0592 /* AppDelegate.m in Sources */,
			);
			runOnlyForDeploymentPostprocessing = 0;
		};
/* End PBXSourcesBuildPhase section */

/* Begin PBXVariantGroup section */
		1AFF94982202B667004A0592 /* Main.storyboard */ = {
			isa = PBXVariantGroup;
			children = (
				1AFF94992202B667004A0592 /* Base */,
			);
			name = Main.storyboard;
			sourceTree = "<group>";
		};
		1AFF949D2202B67E004A0592 /* LaunchScreen.storyboard */ = {
			isa = PBXVariantGroup;
			children = (
				1AFF949E2202B67E004A0592 /* Base */,
			);
			name = LaunchScreen.storyboard;
			sourceTree = "<group>";
		};
/* End PBXVariantGroup section */

/* Begin XCBuildConfiguration section */
		1AFF94A32202B67E004A0592 /* Debug */ = {
			isa = XCBuildConfiguration;
			buildSettings = {
				ALWAYS_SEARCH_USER_PATHS = NO;
				CLANG_ANALYZER_NONNULL = YES;
				CLANG_ANALYZER_NUMBER_OBJECT_CONVERSION = YES_AGGRESSIVE;
				CLANG_CXX_LANGUAGE_STANDARD = "gnu++14";
				CLANG_CXX_LIBRARY = "libc++";
				CLANG_ENABLE_MODULES = YES;
				CLANG_ENABLE_OBJC_ARC = YES;
				CLANG_ENABLE_OBJC_WEAK = YES;
				CLANG_WARN_BLOCK_CAPTURE_AUTORELEASING = YES;
				CLANG_WARN_BOOL_CONVERSION = YES;
				CLANG_WARN_COMMA = YES;
				CLANG_WARN_CONSTANT_CONVERSION = YES;
				CLANG_WARN_DEPRECATED_OBJC_IMPLEMENTATIONS = YES;
				CLANG_WARN_DIRECT_OBJC_ISA_USAGE = YES_ERROR;
				CLANG_WARN_DOCUMENTATION_COMMENTS = YES;
				CLANG_WARN_EMPTY_BODY = YES;
				CLANG_WARN_ENUM_CONVERSION = YES;
				CLANG_WARN_INFINITE_RECURSION = YES;
				CLANG_WARN_INT_CONVERSION = YES;
				CLANG_WARN_NON_LITERAL_NULL_CONVERSION = YES;
				CLANG_WARN_OBJC_IMPLICIT_RETAIN_SELF = YES;
				CLANG_WARN_OBJC_LITERAL_CONVERSION = YES;
				CLANG_WARN_OBJC_ROOT_CLASS = YES_ERROR;
				CLANG_WARN_RANGE_LOOP_ANALYSIS = YES;
				CLANG_WARN_STRICT_PROTOTYPES = YES;
				CLANG_WARN_SUSPICIOUS_MOVE = YES;
				CLANG_WARN_UNGUARDED_AVAILABILITY = YES_AGGRESSIVE;
				CLANG_WARN_UNREACHABLE_CODE = YES;
				CLANG_WARN__DUPLICATE_METHOD_MATCH = YES;
				CODE_SIGN_IDENTITY = "iPhone Developer";
				COPY_PHASE_STRIP = NO;
				DEBUG_INFORMATION_FORMAT = dwarf;
				ENABLE_STRICT_OBJC_MSGSEND = YES;
				ENABLE_TESTABILITY = YES;
				GCC_C_LANGUAGE_STANDARD = gnu11;
				GCC_DYNAMIC_NO_PIC = NO;
				GCC_NO_COMMON_BLOCKS = YES;
				GCC_OPTIMIZATION_LEVEL = 0;
				GCC_PREPROCESSOR_DEFINITIONS = (
					"DEBUG=1",
					"$(inherited)",
				);
				GCC_WARN_64_TO_32_BIT_CONVERSION = YES;
				GCC_WARN_ABOUT_RETURN_TYPE = YES_ERROR;
				GCC_WARN_UNDECLARED_SELECTOR = YES;
				GCC_WARN_UNINITIALIZED_AUTOS = YES_AGGRESSIVE;
				GCC_WARN_UNUSED_FUNCTION = YES;
				GCC_WARN_UNUSED_VARIABLE = YES;
				IPHONEOS_DEPLOYMENT_TARGET = 12.1;
				MTL_ENABLE_DEBUG_INFO = INCLUDE_SOURCE;
				MTL_FAST_MATH = YES;
				ONLY_ACTIVE_ARCH = YES;
				SDKROOT = iphoneos;
			};
			name = Debug;
		};
		1AFF94A42202B67E004A0592 /* Release */ = {
			isa = XCBuildConfiguration;
			buildSettings = {
				ALWAYS_SEARCH_USER_PATHS = NO;
				CLANG_ANALYZER_NONNULL = YES;
				CLANG_ANALYZER_NUMBER_OBJECT_CONVERSION = YES_AGGRESSIVE;
				CLANG_CXX_LANGUAGE_STANDARD = "gnu++14";
				CLANG_CXX_LIBRARY = "libc++";
				CLANG_ENABLE_MODULES = YES;
				CLANG_ENABLE_OBJC_ARC = YES;
				CLANG_ENABLE_OBJC_WEAK = YES;
				CLANG_WARN_BLOCK_CAPTURE_AUTORELEASING = YES;
				CLANG_WARN_BOOL_CONVERSION = YES;
				CLANG_WARN_COMMA = YES;
				CLANG_WARN_CONSTANT_CONVERSION = YES;
				CLANG_WARN_DEPRECATED_OBJC_IMPLEMENTATIONS = YES;
				CLANG_WARN_DIRECT_OBJC_ISA_USAGE = YES_ERROR;
				CLANG_WARN_DOCUMENTATION_COMMENTS = YES;
				CLANG_WARN_EMPTY_BODY = YES;
				CLANG_WARN_ENUM_CONVERSION = YES;
				CLANG_WARN_INFINITE_RECURSION = YES;
				CLANG_WARN_INT_CONVERSION = YES;
				CLANG_WARN_NON_LITERAL_NULL_CONVERSION = YES;
				CLANG_WARN_OBJC_IMPLICIT_RETAIN_SELF = YES;
				CLANG_WARN_OBJC_LITERAL_CONVERSION = YES;
				CLANG_WARN_OBJC_ROOT_CLASS = YES_ERROR;
				CLANG_WARN_RANGE_LOOP_ANALYSIS = YES;
				CLANG_WARN_STRICT_PROTOTYPES = YES;
				CLANG_WARN_SUSPICIOUS_MOVE = YES;
				CLANG_WARN_UNGUARDED_AVAILABILITY = YES_AGGRESSIVE;
				CLANG_WARN_UNREACHABLE_CODE = YES;
				CLANG_WARN__DUPLICATE_METHOD_MATCH = YES;
				CODE_SIGN_IDENTITY = "iPhone Developer";
				COPY_PHASE_STRIP = NO;
				DEBUG_INFORMATION_FORMAT = "dwarf-with-dsym";
				ENABLE_NS_ASSERTIONS = NO;
				ENABLE_STRICT_OBJC_MSGSEND = YES;
				GCC_C_LANGUAGE_STANDARD = gnu11;
				GCC_NO_COMMON_BLOCKS = YES;
				GCC_WARN_64_TO_32_BIT_CONVERSION = YES;
				GCC_WARN_ABOUT_RETURN_TYPE = YES_ERROR;
				GCC_WARN_UNDECLARED_SELECTOR = YES;
				GCC_WARN_UNINITIALIZED_AUTOS = YES_AGGRESSIVE;
				GCC_WARN_UNUSED_FUNCTION = YES;
				GCC_WARN_UNUSED_VARIABLE = YES;
				IPHONEOS_DEPLOYMENT_TARGET = 12.1;
				MTL_ENABLE_DEBUG_INFO = NO;
				MTL_FAST_MATH = YES;
				SDKROOT = iphoneos;
				VALIDATE_PRODUCT = YES;
			};
			name = Release;
		};
		1AFF94A62202B67E004A0592 /* Debug */ = {
			isa = XCBuildConfiguration;
			baseConfigurationReference = 62D4D5980CFF3E3E5C8B98CB /* Pods-glDelegateBenchmark.debug.xcconfig */;
			buildSettings = {
				ASSETCATALOG_COMPILER_APPICON_NAME = AppIcon;
				CODE_SIGN_IDENTITY = "iPhone Developer";
				CODE_SIGN_INJECT_BASE_ENTITLEMENTS = NO;
				CODE_SIGN_STYLE = Automatic;
				DEVELOPMENT_TEAM = PG35EX39B6;
				INFOPLIST_FILE = glDelegateBenchmark/Info.plist;
				LD_RUNPATH_SEARCH_PATHS = (
					"$(inherited)",
					"@executable_path/Frameworks",
				);
				PRODUCT_BUNDLE_IDENTIFIER = com.mediatek.glDelegateBenchmark;
				PRODUCT_NAME = "$(TARGET_NAME)";
				TARGETED_DEVICE_FAMILY = "1,2";
			};
			name = Debug;
		};
		1AFF94A72202B67E004A0592 /* Release */ = {
			isa = XCBuildConfiguration;
			baseConfigurationReference = 53C0E94836EB38587CBDEBE2 /* Pods-glDelegateBenchmark.release.xcconfig */;
			buildSettings = {
				ASSETCATALOG_COMPILER_APPICON_NAME = AppIcon;
				CODE_SIGN_IDENTITY = "iPhone Developer";
				CODE_SIGN_INJECT_BASE_ENTITLEMENTS = NO;
				CODE_SIGN_STYLE = Automatic;
				DEVELOPMENT_TEAM = PG35EX39B6;
				INFOPLIST_FILE = glDelegateBenchmark/Info.plist;
				LD_RUNPATH_SEARCH_PATHS = (
					"$(inherited)",
					"@executable_path/Frameworks",
				);
				PRODUCT_BUNDLE_IDENTIFIER = com.mediatek.glDelegateBenchmark;
				PRODUCT_NAME = "$(TARGET_NAME)";
				TARGETED_DEVICE_FAMILY = "1,2";
			};
			name = Release;
		};
/* End XCBuildConfiguration section */

/* Begin XCConfigurationList section */
		1AFF948A2202B667004A0592 /* Build configuration list for PBXProject "glDelegateBenchmark" */ = {
			isa = XCConfigurationList;
			buildConfigurations = (
				1AFF94A32202B67E004A0592 /* Debug */,
				1AFF94A42202B67E004A0592 /* Release */,
			);
			defaultConfigurationIsVisible = 0;
			defaultConfigurationName = Release;
		};
		1AFF94A52202B67E004A0592 /* Build configuration list for PBXNativeTarget "glDelegateBenchmark" */ = {
			isa = XCConfigurationList;
			buildConfigurations = (
				1AFF94A62202B67E004A0592 /* Debug */,
				1AFF94A72202B67E004A0592 /* Release */,
			);
			defaultConfigurationIsVisible = 0;
			defaultConfigurationName = Release;
		};
/* End XCConfigurationList section */
	};
	rootObject = 1AFF94872202B667004A0592 /* Project object */;
}
